
Microsoft Visual Studio Solution File, Format Version 12.00
# Visual Studio Version 17
VisualStudioVersion = 17.9.34407.89
MinimumVisualStudioVersion = 10.0.40219.1
Project("{9A19103F-16F7-4668-BE54-9A1E7A4F7556}") = "SourceGeneration.Extensions.CodeAnalysis", "SourceGeneration.Extensions.CodeAnalysis\SourceGeneration.Extensions.CodeAnalysis.csproj", "{2E2A46A1-496A-4B3E-AA9E-470D17F8C5E7}"
EndProject
Global
	GlobalSection(SolutionConfigurationPlatforms) = preSolution
		Debug|Any CPU = Debug|Any CPU
		Release|Any CPU = Release|Any CPU
	EndGlobalSection
	GlobalSection(ProjectConfigurationPlatforms) = postSolution
		{2E2A46A1-496A-4B3E-AA9E-470D17F8C5E7}.Debug|Any CPU.ActiveCfg = Debug|Any CPU
		{2E2A46A1-496A-4B3E-AA9E-470D17F8C5E7}.Debug|Any CPU.Build.0 = Debug|Any CPU
		{2E2A46A1-496A-4B3E-AA9E-470D17F8C5E7}.Release|Any CPU.ActiveCfg = Release|Any CPU
		{2E2A46A1-496A-4B3E-AA9E-470D17F8C5E7}.Release|Any CPU.Build.0 = Release|Any CPU
	EndGlobalSection
	GlobalSection(SolutionProperties) = preSolution
		HideSolutionNode = FALSE
	EndGlobalSection
	GlobalSection(ExtensibilityGlobals) = postSolution
		SolutionGuid = {1BC321E1-241B-46A9-818F-C68F179A8AED}
	EndGlobalSection
EndGlobal
